// !$*UTF8*$!
{
	archiveVersion = 1;
	classes = {
	};
	objectVersion = 50;
	objects = {

/* Begin PBXBuildFile section */
		E7513AEF23B7AD3900A1B782 /* MapView.swift in Sources */ = {isa = PBXBuildFile; fileRef = E7513AEE23B7AD3900A1B782 /* MapView.swift */; };
		E797490423B110F1002998D3 /* Circleimage.swift in Sources */ = {isa = PBXBuildFile; fileRef = E797490323B110F1002998D3 /* Circleimage.swift */; };
		E7ADFF2F2395D6F100E89480 /* AppDelegate.swift in Sources */ = {isa = PBXBuildFile; fileRef = E7ADFF2E2395D6F100E89480 /* AppDelegate.swift */; };
		E7ADFF312395D6F100E89480 /* SceneDelegate.swift in Sources */ = {isa = PBXBuildFile; fileRef = E7ADFF302395D6F100E89480 /* SceneDelegate.swift */; };
		E7ADFF332395D6F100E89480 /* ContentView.swift in Sources */ = {isa = PBXBuildFile; fileRef = E7ADFF322395D6F100E89480 /* ContentView.swift */; };
		E7ADFF352395D6F200E89480 /* Assets.xcassets in Resources */ = {isa = PBXBuildFile; fileRef = E7ADFF342395D6F200E89480 /* Assets.xcassets */; };
		E7ADFF382395D6F200E89480 /* Preview Assets.xcassets in Resources */ = {isa = PBXBuildFile; fileRef = E7ADFF372395D6F200E89480 /* Preview Assets.xcassets */; };
		E7ADFF3B2395D6F200E89480 /* LaunchScreen.storyboard in Resources */ = {isa = PBXBuildFile; fileRef = E7ADFF392395D6F200E89480 /* LaunchScreen.storyboard */; };
/* End PBXBuildFile section */

/* Begin PBXFileReference section */
		E7513AEE23B7AD3900A1B782 /* MapView.swift */ = {isa = PBXFileReference; lastKnownFileType = sourcecode.swift; path = MapView.swift; sourceTree = "<group>"; };
		E797490323B110F1002998D3 /* Circleimage.swift */ = {isa = PBXFileReference; lastKnownFileType = sourcecode.swift; path = Circleimage.swift; sourceTree = "<group>"; };
		E7ADFF2B2395D6F100E89480 /* swift-ui-test.app */ = {isa = PBXFileReference; explicitFileType = wrapper.application; includeInIndex = 0; path = "swift-ui-test.app"; sourceTree = BUILT_PRODUCTS_DIR; };
		E7ADFF2E2395D6F100E89480 /* AppDelegate.swift */ = {isa = PBXFileReference; lastKnownFileType = sourcecode.swift; path = AppDelegate.swift; sourceTree = "<group>"; };
		E7ADFF302395D6F100E89480 /* SceneDelegate.swift */ = {isa = PBXFileReference; lastKnownFileType = sourcecode.swift; path = SceneDelegate.swift; sourceTree = "<group>"; };
		E7ADFF322395D6F100E89480 /* ContentView.swift */ = {isa = PBXFileReference; lastKnownFileType = sourcecode.swift; path = ContentView.swift; sourceTree = "<group>"; };
		E7ADFF342395D6F200E89480 /* Assets.xcassets */ = {isa = PBXFileReference; lastKnownFileType = folder.assetcatalog; path = Assets.xcassets; sourceTree = "<group>"; };
		E7ADFF372395D6F200E89480 /* Preview Assets.xcassets */ = {isa = PBXFileReference; lastKnownFileType = folder.assetcatalog; path = "Preview Assets.xcassets"; sourceTree = "<group>"; };
		E7ADFF3A2395D6F200E89480 /* Base */ = {isa = PBXFileReference; lastKnownFileType = file.storyboard; name = Base; path = Base.lproj/LaunchScreen.storyboard; sourceTree = "<group>"; };
		E7ADFF3C2395D6F200E89480 /* Info.plist */ = {isa = PBXFileReference; lastKnownFileType = text.plist.xml; path = Info.plist; sourceTree = "<group>"; };
/* End PBXFileReference section */

/* Begin PBXFrameworksBuildPhase section */
		E7ADFF282395D6F100E89480 /* Frameworks */ = {
			isa = PBXFrameworksBuildPhase;
			buildActionMask = 2147483647;
			files = (
			);
			runOnlyForDeploymentPostprocessing = 0;
		};
/* End PBXFrameworksBuildPhase section */

/* Begin PBXGroup section */
		E7ADFF222395D6F100E89480 = {
			isa = PBXGroup;
			children = (
				E7ADFF2D2395D6F100E89480 /* swift-ui-test */,
				E7ADFF2C2395D6F100E89480 /* Products */,
			);
			sourceTree = "<group>";
		};
		E7ADFF2C2395D6F100E89480 /* Products */ = {
			isa = PBXGroup;
			children = (
				E7ADFF2B2395D6F100E89480 /* swift-ui-test.app */,
			);
			name = Products;
			sourceTree = "<group>";
		};
		E7ADFF2D2395D6F100E89480 /* swift-ui-test */ = {
			isa = PBXGroup;
			children = (
				E7ADFF2E2395D6F100E89480 /* AppDelegate.swift */,
				E7ADFF302395D6F100E89480 /* SceneDelegate.swift */,
				E7ADFF322395D6F100E89480 /* ContentView.swift */,
				E797490323B110F1002998D3 /* Circleimage.swift */,
				E7ADFF342395D6F200E89480 /* Assets.xcassets */,
				E7ADFF392395D6F200E89480 /* LaunchScreen.storyboard */,
				E7ADFF3C2395D6F200E89480 /* Info.plist */,
				E7ADFF362395D6F200E89480 /* Preview Content */,
				E7513AEE23B7AD3900A1B782 /* MapView.swift */,
			);
			path = "swift-ui-test";
			sourceTree = "<group>";
		};
		E7ADFF362395D6F200E89480 /* Preview Content */ = {
			isa = PBXGroup;
			children = (
				E7ADFF372395D6F200E89480 /* Preview Assets.xcassets */,
			);
			path = "Preview Content";
			sourceTree = "<group>";
		};
/* End PBXGroup section */

/* Begin PBXNativeTarget section */
		E7ADFF2A2395D6F100E89480 /* swift-ui-test */ = {
			isa = PBXNativeTarget;
			buildConfigurationList = E7ADFF3F2395D6F200E89480 /* Build configuration list for PBXNativeTarget "swift-ui-test" */;
			buildPhases = (
				E7ADFF272395D6F100E89480 /* Sources */,
				E7ADFF282395D6F100E89480 /* Frameworks */,
				E7ADFF292395D6F100E89480 /* Resources */,
			);
			buildRules = (
			);
			dependencies = (
			);
			name = "swift-ui-test";
			productName = "swift-ui-test";
			productReference = E7ADFF2B2395D6F100E89480 /* swift-ui-test.app */;
			productType = "com.apple.product-type.application";
		};
/* End PBXNativeTarget section */

/* Begin PBXProject section */
		E7ADFF232395D6F100E89480 /* Project object */ = {
			isa = PBXProject;
			attributes = {
				LastSwiftUpdateCheck = 1110;
				LastUpgradeCheck = 1110;
				ORGANIZATIONNAME = "大垣内貴文";
				TargetAttributes = {
					E7ADFF2A2395D6F100E89480 = {
						CreatedOnToolsVersion = 11.1;
					};
				};
			};
			buildConfigurationList = E7ADFF262395D6F100E89480 /* Build configuration list for PBXProject "swift-ui-test" */;
			compatibilityVersion = "Xcode 9.3";
			developmentRegion = en;
			hasScannedForEncodings = 0;
			knownRegions = (
				en,
				Base,
			);
			mainGroup = E7ADFF222395D6F100E89480;
			productRefGroup = E7ADFF2C2395D6F100E89480 /* Products */;
			projectDirPath = "";
			projectRoot = "";
			targets = (
				E7ADFF2A2395D6F100E89480 /* swift-ui-test */,
			);
		};
/* End PBXProject section */

/* Begin PBXResourcesBuildPhase section */
		E7ADFF292395D6F100E89480 /* Resources */ = {
			isa = PBXResourcesBuildPhase;
			buildActionMask = 2147483647;
			files = (
				E7ADFF3B2395D6F200E89480 /* LaunchScreen.storyboard in Resources */,
				E7ADFF382395D6F200E89480 /* Preview Assets.xcassets in Resources */,
				E7ADFF352395D6F200E89480 /* Assets.xcassets in Resources */,
			);
			runOnlyForDeploymentPostprocessing = 0;
		};
/* End PBXResourcesBuildPhase section */

/* Begin PBXSourcesBuildPhase section */
		E7ADFF272395D6F100E89480 /* Sources */ = {
			isa = PBXSourcesBuildPhase;
			buildActionMask = 2147483647;
			files = (
				E7ADFF2F2395D6F100E89480 /* AppDelegate.swift in Sources */,
				E797490423B110F1002998D3 /* Circleimage.swift in Sources */,
				E7513AEF23B7AD3900A1B782 /* MapView.swift in Sources */,
				E7ADFF312395D6F100E89480 /* SceneDelegate.swift in Sources */,
				E7ADFF332395D6F100E89480 /* ContentView.swift in Sources */,
			);
			runOnlyForDeploymentPostprocessing = 0;
		};
/* End PBXSourcesBuildPhase section */

/* Begin PBXVariantGroup section */
		E7ADFF392395D6F200E89480 /* LaunchScreen.storyboard */ = {
			isa = PBXVariantGroup;
			children = (
				E7ADFF3A2395D6F200E89480 /* Base */,
			);
			name = LaunchScreen.storyboard;
			sourceTree = "<group>";
		};
/* End PBXVariantGroup section */

/* Begin XCBuildConfiguration section */
		E7ADFF3D2395D6F200E89480 /* Debug */ = {
			isa = XCBuildConfiguration;
			buildSettings = {
				ALWAYS_SEARCH_USER_PATHS = NO;
				CLANG_ANALYZER_NONNULL = YES;
				CLANG_ANALYZER_NUMBER_OBJECT_CONVERSION = YES_AGGRESSIVE;
				CLANG_CXX_LANGUAGE_STANDARD = "gnu++14";
				CLANG_CXX_LIBRARY = "libc++";
				CLANG_ENABLE_MODULES = YES;
				CLANG_ENABLE_OBJC_ARC = YES;
				CLANG_ENABLE_OBJC_WEAK = YES;
				CLANG_WARN_BLOCK_CAPTURE_AUTORELEASING = YES;
				CLANG_WARN_BOOL_CONVERSION = YES;
				CLANG_WARN_COMMA = YES;
				CLANG_WARN_CONSTANT_CONVERSION = YES;
				CLANG_WARN_DEPRECATED_OBJC_IMPLEMENTATIONS = YES;
				CLANG_WARN_DIRECT_OBJC_ISA_USAGE = YES_ERROR;
				CLANG_WARN_DOCUMENTATION_COMMENTS = YES;
				CLANG_WARN_EMPTY_BODY = YES;
				CLANG_WARN_ENUM_CONVERSION = YES;
				CLANG_WARN_INFINITE_RECURSION = YES;
				CLANG_WARN_INT_CONVERSION = YES;
				CLANG_WARN_NON_LITERAL_NULL_CONVERSION = YES;
				CLANG_WARN_OBJC_IMPLICIT_RETAIN_SELF = YES;
				CLANG_WARN_OBJC_LITERAL_CONVERSION = YES;
				CLANG_WARN_OBJC_ROOT_CLASS = YES_ERROR;
				CLANG_WARN_RANGE_LOOP_ANALYSIS = YES;
				CLANG_WARN_STRICT_PROTOTYPES = YES;
				CLANG_WARN_SUSPICIOUS_MOVE = YES;
				CLANG_WARN_UNGUARDED_AVAILABILITY = YES_AGGRESSIVE;
				CLANG_WARN_UNREACHABLE_CODE = YES;
				CLANG_WARN__DUPLICATE_METHOD_MATCH = YES;
				COPY_PHASE_STRIP = NO;
				DEBUG_INFORMATION_FORMAT = dwarf;
				ENABLE_STRICT_OBJC_MSGSEND = YES;
				ENABLE_TESTABILITY = YES;
				GCC_C_LANGUAGE_STANDARD = gnu11;
				GCC_DYNAMIC_NO_PIC = NO;
				GCC_NO_COMMON_BLOCKS = YES;
				GCC_OPTIMIZATION_LEVEL = 0;
				GCC_PREPROCESSOR_DEFINITIONS = (
					"DEBUG=1",
					"$(inherited)",
				);
				GCC_WARN_64_TO_32_BIT_CONVERSION = YES;
				GCC_WARN_ABOUT_RETURN_TYPE = YES_ERROR;
				GCC_WARN_UNDECLARED_SELECTOR = YES;
				GCC_WARN_UNINITIALIZED_AUTOS = YES_AGGRESSIVE;
				GCC_WARN_UNUSED_FUNCTION = YES;
				GCC_WARN_UNUSED_VARIABLE = YES;
				IPHONEOS_DEPLOYMENT_TARGET = 13.1;
				MTL_ENABLE_DEBUG_INFO = INCLUDE_SOURCE;
				MTL_FAST_MATH = YES;
				ONLY_ACTIVE_ARCH = YES;
				SDKROOT = iphoneos;
				SWIFT_ACTIVE_COMPILATION_CONDITIONS = DEBUG;
				SWIFT_OPTIMIZATION_LEVEL = "-Onone";
			};
			name = Debug;
		};
		E7ADFF3E2395D6F200E89480 /* Release */ = {
			isa = XCBuildConfiguration;
			buildSettings = {
				ALWAYS_SEARCH_USER_PATHS = NO;
				CLANG_ANALYZER_NONNULL = YES;
				CLANG_ANALYZER_NUMBER_OBJECT_CONVERSION = YES_AGGRESSIVE;
				CLANG_CXX_LANGUAGE_STANDARD = "gnu++14";
				CLANG_CXX_LIBRARY = "libc++";
				CLANG_ENABLE_MODULES = YES;
				CLANG_ENABLE_OBJC_ARC = YES;
				CLANG_ENABLE_OBJC_WEAK = YES;
				CLANG_WARN_BLOCK_CAPTURE_AUTORELEASING = YES;
				CLANG_WARN_BOOL_CONVERSION = YES;
				CLANG_WARN_COMMA = YES;
				CLANG_WARN_CONSTANT_CONVERSION = YES;
				CLANG_WARN_DEPRECATED_OBJC_IMPLEMENTATIONS = YES;
				CLANG_WARN_DIRECT_OBJC_ISA_USAGE = YES_ERROR;
				CLANG_WARN_DOCUMENTATION_COMMENTS = YES;
				CLANG_WARN_EMPTY_BODY = YES;
				CLANG_WARN_ENUM_CONVERSION = YES;
				CLANG_WARN_INFINITE_RECURSION = YES;
				CLANG_WARN_INT_CONVERSION = YES;
				CLANG_WARN_NON_LITERAL_NULL_CONVERSION = YES;
				CLANG_WARN_OBJC_IMPLICIT_RETAIN_SELF = YES;
				CLANG_WARN_OBJC_LITERAL_CONVERSION = YES;
				CLANG_WARN_OBJC_ROOT_CLASS = YES_ERROR;
				CLANG_WARN_RANGE_LOOP_ANALYSIS = YES;
				CLANG_WARN_STRICT_PROTOTYPES = YES;
				CLANG_WARN_SUSPICIOUS_MOVE = YES;
				CLANG_WARN_UNGUARDED_AVAILABILITY = YES_AGGRESSIVE;
				CLANG_WARN_UNREACHABLE_CODE = YES;
				CLANG_WARN__DUPLICATE_METHOD_MATCH = YES;
				COPY_PHASE_STRIP = NO;
				DEBUG_INFORMATION_FORMAT = "dwarf-with-dsym";
				ENABLE_NS_ASSERTIONS = NO;
				ENABLE_STRICT_OBJC_MSGSEND = YES;
				GCC_C_LANGUAGE_STANDARD = gnu11;
				GCC_NO_COMMON_BLOCKS = YES;
				GCC_WARN_64_TO_32_BIT_CONVERSION = YES;
				GCC_WARN_ABOUT_RETURN_TYPE = YES_ERROR;
				GCC_WARN_UNDECLARED_SELECTOR = YES;
				GCC_WARN_UNINITIALIZED_AUTOS = YES_AGGRESSIVE;
				GCC_WARN_UNUSED_FUNCTION = YES;
				GCC_WARN_UNUSED_VARIABLE = YES;
				IPHONEOS_DEPLOYMENT_TARGET = 13.1;
				MTL_ENABLE_DEBUG_INFO = NO;
				MTL_FAST_MATH = YES;
				SDKROOT = iphoneos;
				SWIFT_COMPILATION_MODE = wholemodule;
				SWIFT_OPTIMIZATION_LEVEL = "-O";
				VALIDATE_PRODUCT = YES;
			};
			name = Release;
		};
		E7ADFF402395D6F200E89480 /* Debug */ = {
			isa = XCBuildConfiguration;
			buildSettings = {
				ASSETCATALOG_COMPILER_APPICON_NAME = AppIcon;
				CODE_SIGN_STYLE = Automatic;
				DEVELOPMENT_ASSET_PATHS = "\"swift-ui-test/Preview Content\"";
				DEVELOPMENT_TEAM = PCP7FZ8294;
				ENABLE_PREVIEWS = YES;
				INFOPLIST_FILE = "swift-ui-test/Info.plist";
				LD_RUNPATH_SEARCH_PATHS = (
					"$(inherited)",
					"@executable_path/Frameworks",
				);
				PRODUCT_BUNDLE_IDENTIFIER = "com.swift-ui-test";
				PRODUCT_NAME = "$(TARGET_NAME)";
				SWIFT_VERSION = 5.0;
				TARGETED_DEVICE_FAMILY = "1,2";
			};
			name = Debug;
		};
		E7ADFF412395D6F200E89480 /* Release */ = {
			isa = XCBuildConfiguration;
			buildSettings = {
				ASSETCATALOG_COMPILER_APPICON_NAME = AppIcon;
				CODE_SIGN_STYLE = Automatic;
				DEVELOPMENT_ASSET_PATHS = "\"swift-ui-test/Preview Content\"";
				DEVELOPMENT_TEAM = PCP7FZ8294;
				ENABLE_PREVIEWS = YES;
				INFOPLIST_FILE = "swift-ui-test/Info.plist";
				LD_RUNPATH_SEARCH_PATHS = (
					"$(inherited)",
					"@executable_path/Frameworks",
				);
				PRODUCT_BUNDLE_IDENTIFIER = "com.swift-ui-test";
				PRODUCT_NAME = "$(TARGET_NAME)";
				SWIFT_VERSION = 5.0;
				TARGETED_DEVICE_FAMILY = "1,2";
			};
			name = Release;
		};
/* End XCBuildConfiguration section */

/* Begin XCConfigurationList section */
		E7ADFF262395D6F100E89480 /* Build configuration list for PBXProject "swift-ui-test" */ = {
			isa = XCConfigurationList;
			buildConfigurations = (
				E7ADFF3D2395D6F200E89480 /* Debug */,
				E7ADFF3E2395D6F200E89480 /* Release */,
			);
			defaultConfigurationIsVisible = 0;
			defaultConfigurationName = Release;
		};
		E7ADFF3F2395D6F200E89480 /* Build configuration list for PBXNativeTarget "swift-ui-test" */ = {
			isa = XCConfigurationList;
			buildConfigurations = (
				E7ADFF402395D6F200E89480 /* Debug */,
				E7ADFF412395D6F200E89480 /* Release */,
			);
			defaultConfigurationIsVisible = 0;
			defaultConfigurationName = Release;
		};
/* End XCConfigurationList section */
	};
	rootObject = E7ADFF232395D6F100E89480 /* Project object */;
}
